PODS:
  - SDWebImage (5.12.6):
    - SDWebImage/Core (= 5.12.6)
  - SDWebImage/Core (5.12.6)

DEPENDENCIES:
  - SDWebImage (~> 5.0)

SPEC REPOS:
  trunk:
    - SDWebImage

SPEC CHECKSUMS:
  SDWebImage: a47aea9e3d8816015db4e523daff50cfd294499d

PODFILE CHECKSUM: ed810dcb254cf7f849394253b18d32a2a624813c

COCOAPODS: 1.11.3
